
Microsoft Visual Studio Solution File, Format Version 12.00
# Visual Studio Version 17
VisualStudioVersion = 17.11.35327.3
MinimumVisualStudioVersion = 10.0.40219.1
Project("{FAE04EC0-301F-11D3-BF4B-00C04F79EFBC}") = "ChatApp", "ChatApp\ChatApp.csproj", "{3343D60E-3EE9-4414-9899-8E2E576CB2A9}"
EndProject
Project("{54A90642-561A-4BB1-A94E-469ADEE60C69}") = "chatappfrontend", "..\ChatAppFrontend\chatappfrontend.esproj", "{F9BF6E20-B745-4D4C-A1F6-F90DA5405BBA}"
EndProject
Global
	GlobalSection(SolutionConfigurationPlatforms) = preSolution
		Debug|Any CPU = Debug|Any CPU
		Release|Any CPU = Release|Any CPU
	EndGlobalSection
	GlobalSection(ProjectConfigurationPlatforms) = postSolution
		{3343D60E-3EE9-4414-9899-8E2E576CB2A9}.Debug|Any CPU.ActiveCfg = Debug|Any CPU
		{3343D60E-3EE9-4414-9899-8E2E576CB2A9}.Debug|Any CPU.Build.0 = Debug|Any CPU
		{3343D60E-3EE9-4414-9899-8E2E576CB2A9}.Release|Any CPU.ActiveCfg = Release|Any CPU
		{3343D60E-3EE9-4414-9899-8E2E576CB2A9}.Release|Any CPU.Build.0 = Release|Any CPU
		{F9BF6E20-B745-4D4C-A1F6-F90DA5405BBA}.Debug|Any CPU.ActiveCfg = Debug|Any CPU
		{F9BF6E20-B745-4D4C-A1F6-F90DA5405BBA}.Debug|Any CPU.Build.0 = Debug|Any CPU
		{F9BF6E20-B745-4D4C-A1F6-F90DA5405BBA}.Debug|Any CPU.Deploy.0 = Debug|Any CPU
		{F9BF6E20-B745-4D4C-A1F6-F90DA5405BBA}.Release|Any CPU.ActiveCfg = Release|Any CPU
		{F9BF6E20-B745-4D4C-A1F6-F90DA5405BBA}.Release|Any CPU.Build.0 = Release|Any CPU
		{F9BF6E20-B745-4D4C-A1F6-F90DA5405BBA}.Release|Any CPU.Deploy.0 = Release|Any CPU
	EndGlobalSection
	GlobalSection(SolutionProperties) = preSolution
		HideSolutionNode = FALSE
	EndGlobalSection
	GlobalSection(ExtensibilityGlobals) = postSolution
		SolutionGuid = {B5B1DFC7-5E81-4AF0-AD11-7F920FD3C8F5}
	EndGlobalSection
EndGlobal
